
Microsoft Visual Studio Solution File, Format Version 12.00
# Visual Studio 14
VisualStudioVersion = 14.0.25420.1
MinimumVisualStudioVersion = 10.0.40219.1
Project("{FAE04EC0-301F-11D3-BF4B-00C04F79EFBC}") = "SI2projekt", "SI2projekt\SI2projekt\SI2projekt.csproj", "{F845473F-26F3-4809-98DD-BF98034ACFCE}"
EndProject
Project("{FAE04EC0-301F-11D3-BF4B-00C04F79EFBC}") = "SI2projekt.Droid", "SI2projekt\SI2projekt.Droid\SI2projekt.Droid.csproj", "{38D3D51B-AAE1-4776-8676-19C4695D3CA0}"
EndProject
Project("{FAE04EC0-301F-11D3-BF4B-00C04F79EFBC}") = "SI2projekt.iOS", "SI2projekt\SI2projekt.iOS\SI2projekt.iOS.csproj", "{378F53E4-3157-4E19-92EB-BB9DFD1B4904}"
EndProject
Project("{FAE04EC0-301F-11D3-BF4B-00C04F79EFBC}") = "SI2projekt.WinPhone", "SI2projekt\SI2projekt.WinPhone\SI2projekt.WinPhone.csproj", "{A5592495-F6D8-413B-AC01-12F52F7D6516}"
EndProject
Project("{FAE04EC0-301F-11D3-BF4B-00C04F79EFBC}") = "SI2projekt.Windows", "SI2projekt\SI2projekt.Windows\SI2projekt.Windows.csproj", "{E8A17320-34AF-49B1-AEEC-C1495F9D3FEF}"
EndProject
Global
	GlobalSection(SolutionConfigurationPlatforms) = preSolution
		Ad-Hoc|Any CPU = Ad-Hoc|Any CPU
		Ad-Hoc|ARM = Ad-Hoc|ARM
		Ad-Hoc|iPhone = Ad-Hoc|iPhone
		Ad-Hoc|iPhoneSimulator = Ad-Hoc|iPhoneSimulator
		Ad-Hoc|x64 = Ad-Hoc|x64
		Ad-Hoc|x86 = Ad-Hoc|x86
		AppStore|Any CPU = AppStore|Any CPU
		AppStore|ARM = AppStore|ARM
		AppStore|iPhone = AppStore|iPhone
		AppStore|iPhoneSimulator = AppStore|iPhoneSimulator
		AppStore|x64 = AppStore|x64
		AppStore|x86 = AppStore|x86
		Debug|Any CPU = Debug|Any CPU
		Debug|ARM = Debug|ARM
		Debug|iPhone = Debug|iPhone
		Debug|iPhoneSimulator = Debug|iPhoneSimulator
		Debug|x64 = Debug|x64
		Debug|x86 = Debug|x86
		Release|Any CPU = Release|Any CPU
		Release|ARM = Release|ARM
		Release|iPhone = Release|iPhone
		Release|iPhoneSimulator = Release|iPhoneSimulator
		Release|x64 = Release|x64
		Release|x86 = Release|x86
	EndGlobalSection
	GlobalSection(ProjectConfigurationPlatforms) = postSolution
		{F845473F-26F3-4809-98DD-BF98034ACFCE}.Ad-Hoc|Any CPU.ActiveCfg = Release|Any CPU
		{F845473F-26F3-4809-98DD-BF98034ACFCE}.Ad-Hoc|Any CPU.Build.0 = Release|Any CPU
		{F845473F-26F3-4809-98DD-BF98034ACFCE}.Ad-Hoc|ARM.ActiveCfg = Release|Any CPU
		{F845473F-26F3-4809-98DD-BF98034ACFCE}.Ad-Hoc|ARM.Build.0 = Release|Any CPU
		{F845473F-26F3-4809-98DD-BF98034ACFCE}.Ad-Hoc|iPhone.ActiveCfg = Release|Any CPU
		{F845473F-26F3-4809-98DD-BF98034ACFCE}.Ad-Hoc|iPhone.Build.0 = Release|Any CPU
		{F845473F-26F3-4809-98DD-BF98034ACFCE}.Ad-Hoc|iPhoneSimulator.ActiveCfg = Release|Any CPU
		{F845473F-26F3-4809-98DD-BF98034ACFCE}.Ad-Hoc|iPhoneSimulator.Build.0 = Release|Any CPU
		{F845473F-26F3-4809-98DD-BF98034ACFCE}.Ad-Hoc|x64.ActiveCfg = Release|Any CPU
		{F845473F-26F3-4809-98DD-BF98034ACFCE}.Ad-Hoc|x64.Build.0 = Release|Any CPU
		{F845473F-26F3-4809-98DD-BF98034ACFCE}.Ad-Hoc|x86.ActiveCfg = Release|Any CPU
		{F845473F-26F3-4809-98DD-BF98034ACFCE}.Ad-Hoc|x86.Build.0 = Release|Any CPU
		{F845473F-26F3-4809-98DD-BF98034ACFCE}.AppStore|Any CPU.ActiveCfg = Release|Any CPU
		{F845473F-26F3-4809-98DD-BF98034ACFCE}.AppStore|Any CPU.Build.0 = Release|Any CPU
		{F845473F-26F3-4809-98DD-BF98034ACFCE}.AppStore|ARM.ActiveCfg = Release|Any CPU
		{F845473F-26F3-4809-98DD-BF98034ACFCE}.AppStore|ARM.Build.0 = Release|Any CPU
		{F845473F-26F3-4809-98DD-BF98034ACFCE}.AppStore|iPhone.ActiveCfg = Release|Any CPU
		{F845473F-26F3-4809-98DD-BF98034ACFCE}.AppStore|iPhone.Build.0 = Release|Any CPU
		{F845473F-26F3-4809-98DD-BF98034ACFCE}.AppStore|iPhoneSimulator.ActiveCfg = Release|Any CPU
		{F845473F-26F3-4809-98DD-BF98034ACFCE}.AppStore|iPhoneSimulator.Build.0 = Release|Any CPU
		{F845473F-26F3-4809-98DD-BF98034ACFCE}.AppStore|x64.ActiveCfg = Release|Any CPU
		{F845473F-26F3-4809-98DD-BF98034ACFCE}.AppStore|x64.Build.0 = Release|Any CPU
		{F845473F-26F3-4809-98DD-BF98034ACFCE}.AppStore|x86.ActiveCfg = Release|Any CPU
		{F845473F-26F3-4809-98DD-BF98034ACFCE}.AppStore|x86.Build.0 = Release|Any CPU
		{F845473F-26F3-4809-98DD-BF98034ACFCE}.Debug|Any CPU.ActiveCfg = Debug|Any CPU
		{F845473F-26F3-4809-98DD-BF98034ACFCE}.Debug|Any CPU.Build.0 = Debug|Any CPU
		{F845473F-26F3-4809-98DD-BF98034ACFCE}.Debug|ARM.ActiveCfg = Debug|Any CPU
		{F845473F-26F3-4809-98DD-BF98034ACFCE}.Debug|ARM.Build.0 = Debug|Any CPU
		{F845473F-26F3-4809-98DD-BF98034ACFCE}.Debug|iPhone.ActiveCfg = Debug|Any CPU
		{F845473F-26F3-4809-98DD-BF98034ACFCE}.Debug|iPhone.Build.0 = Debug|Any CPU
		{F845473F-26F3-4809-98DD-BF98034ACFCE}.Debug|iPhoneSimulator.ActiveCfg = Debug|Any CPU
		{F845473F-26F3-4809-98DD-BF98034ACFCE}.Debug|iPhoneSimulator.Build.0 = Debug|Any CPU
		{F845473F-26F3-4809-98DD-BF98034ACFCE}.Debug|x64.ActiveCfg = Debug|Any CPU
		{F845473F-26F3-4809-98DD-BF98034ACFCE}.Debug|x64.Build.0 = Debug|Any CPU
		{F845473F-26F3-4809-98DD-BF98034ACFCE}.Debug|x86.ActiveCfg = Debug|Any CPU
		{F845473F-26F3-4809-98DD-BF98034ACFCE}.Debug|x86.Build.0 = Debug|Any CPU
		{F845473F-26F3-4809-98DD-BF98034ACFCE}.Release|Any CPU.ActiveCfg = Release|Any CPU
		{F845473F-26F3-4809-98DD-BF98034ACFCE}.Release|Any CPU.Build.0 = Release|Any CPU
		{F845473F-26F3-4809-98DD-BF98034ACFCE}.Release|ARM.ActiveCfg = Release|Any CPU
		{F845473F-26F3-4809-98DD-BF98034ACFCE}.Release|ARM.Build.0 = Release|Any CPU
		{F845473F-26F3-4809-98DD-BF98034ACFCE}.Release|iPhone.ActiveCfg = Release|Any CPU
		{F845473F-26F3-4809-98DD-BF98034ACFCE}.Release|iPhone.Build.0 = Release|Any CPU
		{F845473F-26F3-4809-98DD-BF98034ACFCE}.Release|iPhoneSimulator.ActiveCfg = Release|Any CPU
		{F845473F-26F3-4809-98DD-BF98034ACFCE}.Release|iPhoneSimulator.Build.0 = Release|Any CPU
		{F845473F-26F3-4809-98DD-BF98034ACFCE}.Release|x64.ActiveCfg = Release|Any CPU
		{F845473F-26F3-4809-98DD-BF98034ACFCE}.Release|x64.Build.0 = Release|Any CPU
		{F845473F-26F3-4809-98DD-BF98034ACFCE}.Release|x86.ActiveCfg = Release|Any CPU
		{F845473F-26F3-4809-98DD-BF98034ACFCE}.Release|x86.Build.0 = Release|Any CPU
		{38D3D51B-AAE1-4776-8676-19C4695D3CA0}.Ad-Hoc|Any CPU.ActiveCfg = Release|Any CPU
		{38D3D51B-AAE1-4776-8676-19C4695D3CA0}.Ad-Hoc|Any CPU.Build.0 = Release|Any CPU
		{38D3D51B-AAE1-4776-8676-19C4695D3CA0}.Ad-Hoc|Any CPU.Deploy.0 = Release|Any CPU
		{38D3D51B-AAE1-4776-8676-19C4695D3CA0}.Ad-Hoc|ARM.ActiveCfg = Release|Any CPU
		{38D3D51B-AAE1-4776-8676-19C4695D3CA0}.Ad-Hoc|ARM.Build.0 = Release|Any CPU
		{38D3D51B-AAE1-4776-8676-19C4695D3CA0}.Ad-Hoc|ARM.Deploy.0 = Release|Any CPU
		{38D3D51B-AAE1-4776-8676-19C4695D3CA0}.Ad-Hoc|iPhone.ActiveCfg = Release|Any CPU
		{38D3D51B-AAE1-4776-8676-19C4695D3CA0}.Ad-Hoc|iPhone.Build.0 = Release|Any CPU
		{38D3D51B-AAE1-4776-8676-19C4695D3CA0}.Ad-Hoc|iPhone.Deploy.0 = Release|Any CPU
		{38D3D51B-AAE1-4776-8676-19C4695D3CA0}.Ad-Hoc|iPhoneSimulator.ActiveCfg = Release|Any CPU
		{38D3D51B-AAE1-4776-8676-19C4695D3CA0}.Ad-Hoc|iPhoneSimulator.Build.0 = Release|Any CPU
		{38D3D51B-AAE1-4776-8676-19C4695D3CA0}.Ad-Hoc|iPhoneSimulator.Deploy.0 = Release|Any CPU
		{38D3D51B-AAE1-4776-8676-19C4695D3CA0}.Ad-Hoc|x64.ActiveCfg = Release|Any CPU
		{38D3D51B-AAE1-4776-8676-19C4695D3CA0}.Ad-Hoc|x64.Build.0 = Release|Any CPU
		{38D3D51B-AAE1-4776-8676-19C4695D3CA0}.Ad-Hoc|x64.Deploy.0 = Release|Any CPU
		{38D3D51B-AAE1-4776-8676-19C4695D3CA0}.Ad-Hoc|x86.ActiveCfg = Release|Any CPU
		{38D3D51B-AAE1-4776-8676-19C4695D3CA0}.Ad-Hoc|x86.Build.0 = Release|Any CPU
		{38D3D51B-AAE1-4776-8676-19C4695D3CA0}.Ad-Hoc|x86.Deploy.0 = Release|Any CPU
		{38D3D51B-AAE1-4776-8676-19C4695D3CA0}.AppStore|Any CPU.ActiveCfg = Release|Any CPU
		{38D3D51B-AAE1-4776-8676-19C4695D3CA0}.AppStore|Any CPU.Build.0 = Release|Any CPU
		{38D3D51B-AAE1-4776-8676-19C4695D3CA0}.AppStore|Any CPU.Deploy.0 = Release|Any CPU
		{38D3D51B-AAE1-4776-8676-19C4695D3CA0}.AppStore|ARM.ActiveCfg = Release|Any CPU
		{38D3D51B-AAE1-4776-8676-19C4695D3CA0}.AppStore|ARM.Build.0 = Release|Any CPU
		{38D3D51B-AAE1-4776-8676-19C4695D3CA0}.AppStore|ARM.Deploy.0 = Release|Any CPU
		{38D3D51B-AAE1-4776-8676-19C4695D3CA0}.AppStore|iPhone.ActiveCfg = Release|Any CPU
		{38D3D51B-AAE1-4776-8676-19C4695D3CA0}.AppStore|iPhone.Build.0 = Release|Any CPU
		{38D3D51B-AAE1-4776-8676-19C4695D3CA0}.AppStore|iPhone.Deploy.0 = Release|Any CPU
		{38D3D51B-AAE1-4776-8676-19C4695D3CA0}.AppStore|iPhoneSimulator.ActiveCfg = Release|Any CPU
		{38D3D51B-AAE1-4776-8676-19C4695D3CA0}.AppStore|iPhoneSimulator.Build.0 = Release|Any CPU
		{38D3D51B-AAE1-4776-8676-19C4695D3CA0}.AppStore|iPhoneSimulator.Deploy.0 = Release|Any CPU
		{38D3D51B-AAE1-4776-8676-19C4695D3CA0}.AppStore|x64.ActiveCfg = Release|Any CPU
		{38D3D51B-AAE1-4776-8676-19C4695D3CA0}.AppStore|x64.Build.0 = Release|Any CPU
		{38D3D51B-AAE1-4776-8676-19C4695D3CA0}.AppStore|x64.Deploy.0 = Release|Any CPU
		{38D3D51B-AAE1-4776-8676-19C4695D3CA0}.AppStore|x86.ActiveCfg = Release|Any CPU
		{38D3D51B-AAE1-4776-8676-19C4695D3CA0}.AppStore|x86.Build.0 = Release|Any CPU
		{38D3D51B-AAE1-4776-8676-19C4695D3CA0}.AppStore|x86.Deploy.0 = Release|Any CPU
		{38D3D51B-AAE1-4776-8676-19C4695D3CA0}.Debug|Any CPU.ActiveCfg = Debug|Any CPU
		{38D3D51B-AAE1-4776-8676-19C4695D3CA0}.Debug|Any CPU.Build.0 = Debug|Any CPU
		{38D3D51B-AAE1-4776-8676-19C4695D3CA0}.Debug|Any CPU.Deploy.0 = Debug|Any CPU
		{38D3D51B-AAE1-4776-8676-19C4695D3CA0}.Debug|ARM.ActiveCfg = Debug|Any CPU
		{38D3D51B-AAE1-4776-8676-19C4695D3CA0}.Debug|ARM.Build.0 = Debug|Any CPU
		{38D3D51B-AAE1-4776-8676-19C4695D3CA0}.Debug|ARM.Deploy.0 = Debug|Any CPU
		{38D3D51B-AAE1-4776-8676-19C4695D3CA0}.Debug|iPhone.ActiveCfg = Debug|Any CPU
		{38D3D51B-AAE1-4776-8676-19C4695D3CA0}.Debug|iPhone.Build.0 = Debug|Any CPU
		{38D3D51B-AAE1-4776-8676-19C4695D3CA0}.Debug|iPhone.Deploy.0 = Debug|Any CPU
		{38D3D51B-AAE1-4776-8676-19C4695D3CA0}.Debug|iPhoneSimulator.ActiveCfg = Debug|Any CPU
		{38D3D51B-AAE1-4776-8676-19C4695D3CA0}.Debug|iPhoneSimulator.Build.0 = Debug|Any CPU
		{38D3D51B-AAE1-4776-8676-19C4695D3CA0}.Debug|iPhoneSimulator.Deploy.0 = Debug|Any CPU
		{38D3D51B-AAE1-4776-8676-19C4695D3CA0}.Debug|x64.ActiveCfg = Debug|Any CPU
		{38D3D51B-AAE1-4776-8676-19C4695D3CA0}.Debug|x64.Build.0 = Debug|Any CPU
		{38D3D51B-AAE1-4776-8676-19C4695D3CA0}.Debug|x64.Deploy.0 = Debug|Any CPU
		{38D3D51B-AAE1-4776-8676-19C4695D3CA0}.Debug|x86.ActiveCfg = Debug|Any CPU
		{38D3D51B-AAE1-4776-8676-19C4695D3CA0}.Debug|x86.Build.0 = Debug|Any CPU
		{38D3D51B-AAE1-4776-8676-19C4695D3CA0}.Debug|x86.Deploy.0 = Debug|Any CPU
		{38D3D51B-AAE1-4776-8676-19C4695D3CA0}.Release|Any CPU.ActiveCfg = Release|Any CPU
		{38D3D51B-AAE1-4776-8676-19C4695D3CA0}.Release|Any CPU.Build.0 = Release|Any CPU
		{38D3D51B-AAE1-4776-8676-19C4695D3CA0}.Release|Any CPU.Deploy.0 = Release|Any CPU
		{38D3D51B-AAE1-4776-8676-19C4695D3CA0}.Release|ARM.ActiveCfg = Release|Any CPU
		{38D3D51B-AAE1-4776-8676-19C4695D3CA0}.Release|ARM.Build.0 = Release|Any CPU
		{38D3D51B-AAE1-4776-8676-19C4695D3CA0}.Release|ARM.Deploy.0 = Release|Any CPU
		{38D3D51B-AAE1-4776-8676-19C4695D3CA0}.Release|iPhone.ActiveCfg = Release|Any CPU
		{38D3D51B-AAE1-4776-8676-19C4695D3CA0}.Release|iPhone.Build.0 = Release|Any CPU
		{38D3D51B-AAE1-4776-8676-19C4695D3CA0}.Release|iPhone.Deploy.0 = Release|Any CPU
		{38D3D51B-AAE1-4776-8676-19C4695D3CA0}.Release|iPhoneSimulator.ActiveCfg = Release|Any CPU
		{38D3D51B-AAE1-4776-8676-19C4695D3CA0}.Release|iPhoneSimulator.Build.0 = Release|Any CPU
		{38D3D51B-AAE1-4776-8676-19C4695D3CA0}.Release|iPhoneSimulator.Deploy.0 = Release|Any CPU
		{38D3D51B-AAE1-4776-8676-19C4695D3CA0}.Release|x64.ActiveCfg = Release|Any CPU
		{38D3D51B-AAE1-4776-8676-19C4695D3CA0}.Release|x64.Build.0 = Release|Any CPU
		{38D3D51B-AAE1-4776-8676-19C4695D3CA0}.Release|x64.Deploy.0 = Release|Any CPU
		{38D3D51B-AAE1-4776-8676-19C4695D3CA0}.Release|x86.ActiveCfg = Release|Any CPU
		{38D3D51B-AAE1-4776-8676-19C4695D3CA0}.Release|x86.Build.0 = Release|Any CPU
		{38D3D51B-AAE1-4776-8676-19C4695D3CA0}.Release|x86.Deploy.0 = Release|Any CPU
		{378F53E4-3157-4E19-92EB-BB9DFD1B4904}.Ad-Hoc|Any CPU.ActiveCfg = Ad-Hoc|iPhone
		{378F53E4-3157-4E19-92EB-BB9DFD1B4904}.Ad-Hoc|ARM.ActiveCfg = Ad-Hoc|iPhone
		{378F53E4-3157-4E19-92EB-BB9DFD1B4904}.Ad-Hoc|iPhone.ActiveCfg = Ad-Hoc|iPhone
		{378F53E4-3157-4E19-92EB-BB9DFD1B4904}.Ad-Hoc|iPhone.Build.0 = Ad-Hoc|iPhone
		{378F53E4-3157-4E19-92EB-BB9DFD1B4904}.Ad-Hoc|iPhoneSimulator.ActiveCfg = Ad-Hoc|iPhoneSimulator
		{378F53E4-3157-4E19-92EB-BB9DFD1B4904}.Ad-Hoc|iPhoneSimulator.Build.0 = Ad-Hoc|iPhoneSimulator
		{378F53E4-3157-4E19-92EB-BB9DFD1B4904}.Ad-Hoc|x64.ActiveCfg = Ad-Hoc|iPhone
		{378F53E4-3157-4E19-92EB-BB9DFD1B4904}.Ad-Hoc|x86.ActiveCfg = Ad-Hoc|iPhone
		{378F53E4-3157-4E19-92EB-BB9DFD1B4904}.AppStore|Any CPU.ActiveCfg = AppStore|iPhone
		{378F53E4-3157-4E19-92EB-BB9DFD1B4904}.AppStore|ARM.ActiveCfg = AppStore|iPhone
		{378F53E4-3157-4E19-92EB-BB9DFD1B4904}.AppStore|iPhone.ActiveCfg = AppStore|iPhone
		{378F53E4-3157-4E19-92EB-BB9DFD1B4904}.AppStore|iPhone.Build.0 = AppStore|iPhone
		{378F53E4-3157-4E19-92EB-BB9DFD1B4904}.AppStore|iPhoneSimulator.ActiveCfg = AppStore|iPhoneSimulator
		{378F53E4-3157-4E19-92EB-BB9DFD1B4904}.AppStore|iPhoneSimulator.Build.0 = AppStore|iPhoneSimulator
		{378F53E4-3157-4E19-92EB-BB9DFD1B4904}.AppStore|x64.ActiveCfg = AppStore|iPhone
		{378F53E4-3157-4E19-92EB-BB9DFD1B4904}.AppStore|x86.ActiveCfg = AppStore|iPhone
		{378F53E4-3157-4E19-92EB-BB9DFD1B4904}.Debug|Any CPU.ActiveCfg = Debug|iPhone
		{378F53E4-3157-4E19-92EB-BB9DFD1B4904}.Debug|ARM.ActiveCfg = Debug|iPhone
		{378F53E4-3157-4E19-92EB-BB9DFD1B4904}.Debug|iPhone.ActiveCfg = Debug|iPhone
		{378F53E4-3157-4E19-92EB-BB9DFD1B4904}.Debug|iPhone.Build.0 = Debug|iPhone
		{378F53E4-3157-4E19-92EB-BB9DFD1B4904}.Debug|iPhoneSimulator.ActiveCfg = Debug|iPhoneSimulator
		{378F53E4-3157-4E19-92EB-BB9DFD1B4904}.Debug|iPhoneSimulator.Build.0 = Debug|iPhoneSimulator
		{378F53E4-3157-4E19-92EB-BB9DFD1B4904}.Debug|x64.ActiveCfg = Debug|iPhone
		{378F53E4-3157-4E19-92EB-BB9DFD1B4904}.Debug|x86.ActiveCfg = Debug|iPhone
		{378F53E4-3157-4E19-92EB-BB9DFD1B4904}.Release|Any CPU.ActiveCfg = Release|iPhone
		{378F53E4-3157-4E19-92EB-BB9DFD1B4904}.Release|ARM.ActiveCfg = Release|iPhone
		{378F53E4-3157-4E19-92EB-BB9DFD1B4904}.Release|iPhone.ActiveCfg = Release|iPhone
		{378F53E4-3157-4E19-92EB-BB9DFD1B4904}.Release|iPhone.Build.0 = Release|iPhone
		{378F53E4-3157-4E19-92EB-BB9DFD1B4904}.Release|iPhoneSimulator.ActiveCfg = Release|iPhoneSimulator
		{378F53E4-3157-4E19-92EB-BB9DFD1B4904}.Release|iPhoneSimulator.Build.0 = Release|iPhoneSimulator
		{378F53E4-3157-4E19-92EB-BB9DFD1B4904}.Release|x64.ActiveCfg = Release|iPhone
		{378F53E4-3157-4E19-92EB-BB9DFD1B4904}.Release|x86.ActiveCfg = Release|iPhone
		{A5592495-F6D8-413B-AC01-12F52F7D6516}.Ad-Hoc|Any CPU.ActiveCfg = Release|Any CPU
		{A5592495-F6D8-413B-AC01-12F52F7D6516}.Ad-Hoc|Any CPU.Build.0 = Release|Any CPU
		{A5592495-F6D8-413B-AC01-12F52F7D6516}.Ad-Hoc|Any CPU.Deploy.0 = Release|Any CPU
		{A5592495-F6D8-413B-AC01-12F52F7D6516}.Ad-Hoc|ARM.ActiveCfg = Release|ARM
		{A5592495-F6D8-413B-AC01-12F52F7D6516}.Ad-Hoc|ARM.Build.0 = Release|ARM
		{A5592495-F6D8-413B-AC01-12F52F7D6516}.Ad-Hoc|ARM.Deploy.0 = Release|ARM
		{A5592495-F6D8-413B-AC01-12F52F7D6516}.Ad-Hoc|iPhone.ActiveCfg = Release|Any CPU
		{A5592495-F6D8-413B-AC01-12F52F7D6516}.Ad-Hoc|iPhone.Build.0 = Release|Any CPU
		{A5592495-F6D8-413B-AC01-12F52F7D6516}.Ad-Hoc|iPhone.Deploy.0 = Release|Any CPU
		{A5592495-F6D8-413B-AC01-12F52F7D6516}.Ad-Hoc|iPhoneSimulator.ActiveCfg = Release|Any CPU
		{A5592495-F6D8-413B-AC01-12F52F7D6516}.Ad-Hoc|iPhoneSimulator.Build.0 = Release|Any CPU
		{A5592495-F6D8-413B-AC01-12F52F7D6516}.Ad-Hoc|iPhoneSimulator.Deploy.0 = Release|Any CPU
		{A5592495-F6D8-413B-AC01-12F52F7D6516}.Ad-Hoc|x64.ActiveCfg = Release|Any CPU
		{A5592495-F6D8-413B-AC01-12F52F7D6516}.Ad-Hoc|x64.Build.0 = Release|Any CPU
		{A5592495-F6D8-413B-AC01-12F52F7D6516}.Ad-Hoc|x64.Deploy.0 = Release|Any CPU
		{A5592495-F6D8-413B-AC01-12F52F7D6516}.Ad-Hoc|x86.ActiveCfg = Release|x86
		{A5592495-F6D8-413B-AC01-12F52F7D6516}.Ad-Hoc|x86.Build.0 = Release|x86
		{A5592495-F6D8-413B-AC01-12F52F7D6516}.Ad-Hoc|x86.Deploy.0 = Release|x86
		{A5592495-F6D8-413B-AC01-12F52F7D6516}.AppStore|Any CPU.ActiveCfg = Release|Any CPU
		{A5592495-F6D8-413B-AC01-12F52F7D6516}.AppStore|Any CPU.Build.0 = Release|Any CPU
		{A5592495-F6D8-413B-AC01-12F52F7D6516}.AppStore|Any CPU.Deploy.0 = Release|Any CPU
		{A5592495-F6D8-413B-AC01-12F52F7D6516}.AppStore|ARM.ActiveCfg = Release|ARM
		{A5592495-F6D8-413B-AC01-12F52F7D6516}.AppStore|ARM.Build.0 = Release|ARM
		{A5592495-F6D8-413B-AC01-12F52F7D6516}.AppStore|ARM.Deploy.0 = Release|ARM
		{A5592495-F6D8-413B-AC01-12F52F7D6516}.AppStore|iPhone.ActiveCfg = Release|Any CPU
		{A5592495-F6D8-413B-AC01-12F52F7D6516}.AppStore|iPhone.Build.0 = Release|Any CPU
		{A5592495-F6D8-413B-AC01-12F52F7D6516}.AppStore|iPhone.Deploy.0 = Release|Any CPU
		{A5592495-F6D8-413B-AC01-12F52F7D6516}.AppStore|iPhoneSimulator.ActiveCfg = Release|Any CPU
		{A5592495-F6D8-413B-AC01-12F52F7D6516}.AppStore|iPhoneSimulator.Build.0 = Release|Any CPU
		{A5592495-F6D8-413B-AC01-12F52F7D6516}.AppStore|iPhoneSimulator.Deploy.0 = Release|Any CPU
		{A5592495-F6D8-413B-AC01-12F52F7D6516}.AppStore|x64.ActiveCfg = Release|Any CPU
		{A5592495-F6D8-413B-AC01-12F52F7D6516}.AppStore|x64.Build.0 = Release|Any CPU
		{A5592495-F6D8-413B-AC01-12F52F7D6516}.AppStore|x64.Deploy.0 = Release|Any CPU
		{A5592495-F6D8-413B-AC01-12F52F7D6516}.AppStore|x86.ActiveCfg = Release|x86
		{A5592495-F6D8-413B-AC01-12F52F7D6516}.AppStore|x86.Build.0 = Release|x86
		{A5592495-F6D8-413B-AC01-12F52F7D6516}.AppStore|x86.Deploy.0 = Release|x86
		{A5592495-F6D8-413B-AC01-12F52F7D6516}.Debug|Any CPU.ActiveCfg = Debug|Any CPU
		{A5592495-F6D8-413B-AC01-12F52F7D6516}.Debug|Any CPU.Build.0 = Debug|Any CPU
		{A5592495-F6D8-413B-AC01-12F52F7D6516}.Debug|Any CPU.Deploy.0 = Debug|Any CPU
		{A5592495-F6D8-413B-AC01-12F52F7D6516}.Debug|ARM.ActiveCfg = Debug|ARM
		{A5592495-F6D8-413B-AC01-12F52F7D6516}.Debug|ARM.Build.0 = Debug|ARM
		{A5592495-F6D8-413B-AC01-12F52F7D6516}.Debug|ARM.Deploy.0 = Debug|ARM
		{A5592495-F6D8-413B-AC01-12F52F7D6516}.Debug|iPhone.ActiveCfg = Debug|Any CPU
		{A5592495-F6D8-413B-AC01-12F52F7D6516}.Debug|iPhone.Build.0 = Debug|Any CPU
		{A5592495-F6D8-413B-AC01-12F52F7D6516}.Debug|iPhone.Deploy.0 = Debug|Any CPU
		{A5592495-F6D8-413B-AC01-12F52F7D6516}.Debug|iPhoneSimulator.ActiveCfg = Debug|Any CPU
		{A5592495-F6D8-413B-AC01-12F52F7D6516}.Debug|iPhoneSimulator.Build.0 = Debug|Any CPU
		{A5592495-F6D8-413B-AC01-12F52F7D6516}.Debug|iPhoneSimulator.Deploy.0 = Debug|Any CPU
		{A5592495-F6D8-413B-AC01-12F52F7D6516}.Debug|x64.ActiveCfg = Debug|Any CPU
		{A5592495-F6D8-413B-AC01-12F52F7D6516}.Debug|x64.Build.0 = Debug|Any CPU
		{A5592495-F6D8-413B-AC01-12F52F7D6516}.Debug|x64.Deploy.0 = Debug|Any CPU
		{A5592495-F6D8-413B-AC01-12F52F7D6516}.Debug|x86.ActiveCfg = Debug|x86
		{A5592495-F6D8-413B-AC01-12F52F7D6516}.Debug|x86.Build.0 = Debug|x86
		{A5592495-F6D8-413B-AC01-12F52F7D6516}.Debug|x86.Deploy.0 = Debug|x86
		{A5592495-F6D8-413B-AC01-12F52F7D6516}.Release|Any CPU.ActiveCfg = Release|Any CPU
		{A5592495-F6D8-413B-AC01-12F52F7D6516}.Release|Any CPU.Build.0 = Release|Any CPU
		{A5592495-F6D8-413B-AC01-12F52F7D6516}.Release|Any CPU.Deploy.0 = Release|Any CPU
		{A5592495-F6D8-413B-AC01-12F52F7D6516}.Release|ARM.ActiveCfg = Release|ARM
		{A5592495-F6D8-413B-AC01-12F52F7D6516}.Release|ARM.Build.0 = Release|ARM
		{A5592495-F6D8-413B-AC01-12F52F7D6516}.Release|ARM.Deploy.0 = Release|ARM
		{A5592495-F6D8-413B-AC01-12F52F7D6516}.Release|iPhone.ActiveCfg = Release|Any CPU
		{A5592495-F6D8-413B-AC01-12F52F7D6516}.Release|iPhone.Build.0 = Release|Any CPU
		{A5592495-F6D8-413B-AC01-12F52F7D6516}.Release|iPhone.Deploy.0 = Release|Any CPU
		{A5592495-F6D8-413B-AC01-12F52F7D6516}.Release|iPhoneSimulator.ActiveCfg = Release|Any CPU
		{A5592495-F6D8-413B-AC01-12F52F7D6516}.Release|iPhoneSimulator.Build.0 = Release|Any CPU
		{A5592495-F6D8-413B-AC01-12F52F7D6516}.Release|iPhoneSimulator.Deploy.0 = Release|Any CPU
		{A5592495-F6D8-413B-AC01-12F52F7D6516}.Release|x64.ActiveCfg = Release|Any CPU
		{A5592495-F6D8-413B-AC01-12F52F7D6516}.Release|x64.Build.0 = Release|Any CPU
		{A5592495-F6D8-413B-AC01-12F52F7D6516}.Release|x64.Deploy.0 = Release|Any CPU
		{A5592495-F6D8-413B-AC01-12F52F7D6516}.Release|x86.ActiveCfg = Release|x86
		{A5592495-F6D8-413B-AC01-12F52F7D6516}.Release|x86.Build.0 = Release|x86
		{A5592495-F6D8-413B-AC01-12F52F7D6516}.Release|x86.Deploy.0 = Release|x86
		{E8A17320-34AF-49B1-AEEC-C1495F9D3FEF}.Ad-Hoc|Any CPU.ActiveCfg = Release|Any CPU
		{E8A17320-34AF-49B1-AEEC-C1495F9D3FEF}.Ad-Hoc|Any CPU.Build.0 = Release|Any CPU
		{E8A17320-34AF-49B1-AEEC-C1495F9D3FEF}.Ad-Hoc|Any CPU.Deploy.0 = Release|Any CPU
		{E8A17320-34AF-49B1-AEEC-C1495F9D3FEF}.Ad-Hoc|ARM.ActiveCfg = Release|ARM
		{E8A17320-34AF-49B1-AEEC-C1495F9D3FEF}.Ad-Hoc|ARM.Build.0 = Release|ARM
		{E8A17320-34AF-49B1-AEEC-C1495F9D3FEF}.Ad-Hoc|ARM.Deploy.0 = Release|ARM
		{E8A17320-34AF-49B1-AEEC-C1495F9D3FEF}.Ad-Hoc|iPhone.ActiveCfg = Release|Any CPU
		{E8A17320-34AF-49B1-AEEC-C1495F9D3FEF}.Ad-Hoc|iPhone.Build.0 = Release|Any CPU
		{E8A17320-34AF-49B1-AEEC-C1495F9D3FEF}.Ad-Hoc|iPhone.Deploy.0 = Release|Any CPU
		{E8A17320-34AF-49B1-AEEC-C1495F9D3FEF}.Ad-Hoc|iPhoneSimulator.ActiveCfg = Release|Any CPU
		{E8A17320-34AF-49B1-AEEC-C1495F9D3FEF}.Ad-Hoc|iPhoneSimulator.Build.0 = Release|Any CPU
		{E8A17320-34AF-49B1-AEEC-C1495F9D3FEF}.Ad-Hoc|iPhoneSimulator.Deploy.0 = Release|Any CPU
		{E8A17320-34AF-49B1-AEEC-C1495F9D3FEF}.Ad-Hoc|x64.ActiveCfg = Release|x64
		{E8A17320-34AF-49B1-AEEC-C1495F9D3FEF}.Ad-Hoc|x64.Build.0 = Release|x64
		{E8A17320-34AF-49B1-AEEC-C1495F9D3FEF}.Ad-Hoc|x64.Deploy.0 = Release|x64
		{E8A17320-34AF-49B1-AEEC-C1495F9D3FEF}.Ad-Hoc|x86.ActiveCfg = Release|x86
		{E8A17320-34AF-49B1-AEEC-C1495F9D3FEF}.Ad-Hoc|x86.Build.0 = Release|x86
		{E8A17320-34AF-49B1-AEEC-C1495F9D3FEF}.Ad-Hoc|x86.Deploy.0 = Release|x86
		{E8A17320-34AF-49B1-AEEC-C1495F9D3FEF}.AppStore|Any CPU.ActiveCfg = Release|Any CPU
		{E8A17320-34AF-49B1-AEEC-C1495F9D3FEF}.AppStore|Any CPU.Build.0 = Release|Any CPU
		{E8A17320-34AF-49B1-AEEC-C1495F9D3FEF}.AppStore|Any CPU.Deploy.0 = Release|Any CPU
		{E8A17320-34AF-49B1-AEEC-C1495F9D3FEF}.AppStore|ARM.ActiveCfg = Release|ARM
		{E8A17320-34AF-49B1-AEEC-C1495F9D3FEF}.AppStore|ARM.Build.0 = Release|ARM
		{E8A17320-34AF-49B1-AEEC-C1495F9D3FEF}.AppStore|ARM.Deploy.0 = Release|ARM
		{E8A17320-34AF-49B1-AEEC-C1495F9D3FEF}.AppStore|iPhone.ActiveCfg = Release|Any CPU
		{E8A17320-34AF-49B1-AEEC-C1495F9D3FEF}.AppStore|iPhone.Build.0 = Release|Any CPU
		{E8A17320-34AF-49B1-AEEC-C1495F9D3FEF}.AppStore|iPhone.Deploy.0 = Release|Any CPU
		{E8A17320-34AF-49B1-AEEC-C1495F9D3FEF}.AppStore|iPhoneSimulator.ActiveCfg = Release|Any CPU
		{E8A17320-34AF-49B1-AEEC-C1495F9D3FEF}.AppStore|iPhoneSimulator.Build.0 = Release|Any CPU
		{E8A17320-34AF-49B1-AEEC-C1495F9D3FEF}.AppStore|iPhoneSimulator.Deploy.0 = Release|Any CPU
		{E8A17320-34AF-49B1-AEEC-C1495F9D3FEF}.AppStore|x64.ActiveCfg = Release|x64
		{E8A17320-34AF-49B1-AEEC-C1495F9D3FEF}.AppStore|x64.Build.0 = Release|x64
		{E8A17320-34AF-49B1-AEEC-C1495F9D3FEF}.AppStore|x64.Deploy.0 = Release|x64
		{E8A17320-34AF-49B1-AEEC-C1495F9D3FEF}.AppStore|x86.ActiveCfg = Release|x86
		{E8A17320-34AF-49B1-AEEC-C1495F9D3FEF}.AppStore|x86.Build.0 = Release|x86
		{E8A17320-34AF-49B1-AEEC-C1495F9D3FEF}.AppStore|x86.Deploy.0 = Release|x86
		{E8A17320-34AF-49B1-AEEC-C1495F9D3FEF}.Debug|Any CPU.ActiveCfg = Debug|Any CPU
		{E8A17320-34AF-49B1-AEEC-C1495F9D3FEF}.Debug|Any CPU.Build.0 = Debug|Any CPU
		{E8A17320-34AF-49B1-AEEC-C1495F9D3FEF}.Debug|Any CPU.Deploy.0 = Debug|Any CPU
		{E8A17320-34AF-49B1-AEEC-C1495F9D3FEF}.Debug|ARM.ActiveCfg = Debug|ARM
		{E8A17320-34AF-49B1-AEEC-C1495F9D3FEF}.Debug|ARM.Build.0 = Debug|ARM
		{E8A17320-34AF-49B1-AEEC-C1495F9D3FEF}.Debug|ARM.Deploy.0 = Debug|ARM
		{E8A17320-34AF-49B1-AEEC-C1495F9D3FEF}.Debug|iPhone.ActiveCfg = Debug|Any CPU
		{E8A17320-34AF-49B1-AEEC-C1495F9D3FEF}.Debug|iPhone.Build.0 = Debug|Any CPU
		{E8A17320-34AF-49B1-AEEC-C1495F9D3FEF}.Debug|iPhone.Deploy.0 = Debug|Any CPU
		{E8A17320-34AF-49B1-AEEC-C1495F9D3FEF}.Debug|iPhoneSimulator.ActiveCfg = Debug|Any CPU
		{E8A17320-34AF-49B1-AEEC-C1495F9D3FEF}.Debug|iPhoneSimulator.Build.0 = Debug|Any CPU
		{E8A17320-34AF-49B1-AEEC-C1495F9D3FEF}.Debug|iPhoneSimulator.Deploy.0 = Debug|Any CPU
		{E8A17320-34AF-49B1-AEEC-C1495F9D3FEF}.Debug|x64.ActiveCfg = Debug|x64
		{E8A17320-34AF-49B1-AEEC-C1495F9D3FEF}.Debug|x64.Build.0 = Debug|x64
		{E8A17320-34AF-49B1-AEEC-C1495F9D3FEF}.Debug|x64.Deploy.0 = Debug|x64
		{E8A17320-34AF-49B1-AEEC-C1495F9D3FEF}.Debug|x86.ActiveCfg = Debug|x86
		{E8A17320-34AF-49B1-AEEC-C1495F9D3FEF}.Debug|x86.Build.0 = Debug|x86
		{E8A17320-34AF-49B1-AEEC-C1495F9D3FEF}.Debug|x86.Deploy.0 = Debug|x86
		{E8A17320-34AF-49B1-AEEC-C1495F9D3FEF}.Release|Any CPU.ActiveCfg = Release|Any CPU
		{E8A17320-34AF-49B1-AEEC-C1495F9D3FEF}.Release|Any CPU.Build.0 = Release|Any CPU
		{E8A17320-34AF-49B1-AEEC-C1495F9D3FEF}.Release|Any CPU.Deploy.0 = Release|Any CPU
		{E8A17320-34AF-49B1-AEEC-C1495F9D3FEF}.Release|ARM.ActiveCfg = Release|ARM
		{E8A17320-34AF-49B1-AEEC-C1495F9D3FEF}.Release|ARM.Build.0 = Release|ARM
		{E8A17320-34AF-49B1-AEEC-C1495F9D3FEF}.Release|ARM.Deploy.0 = Release|ARM
		{E8A17320-34AF-49B1-AEEC-C1495F9D3FEF}.Release|iPhone.ActiveCfg = Release|Any CPU
		{E8A17320-34AF-49B1-AEEC-C1495F9D3FEF}.Release|iPhone.Build.0 = Release|Any CPU
		{E8A17320-34AF-49B1-AEEC-C1495F9D3FEF}.Release|iPhone.Deploy.0 = Release|Any CPU
		{E8A17320-34AF-49B1-AEEC-C1495F9D3FEF}.Release|iPhoneSimulator.ActiveCfg = Release|Any CPU
		{E8A17320-34AF-49B1-AEEC-C1495F9D3FEF}.Release|iPhoneSimulator.Build.0 = Release|Any CPU
		{E8A17320-34AF-49B1-AEEC-C1495F9D3FEF}.Release|iPhoneSimulator.Deploy.0 = Release|Any CPU
		{E8A17320-34AF-49B1-AEEC-C1495F9D3FEF}.Release|x64.ActiveCfg = Release|x64
		{E8A17320-34AF-49B1-AEEC-C1495F9D3FEF}.Release|x64.Build.0 = Release|x64
		{E8A17320-34AF-49B1-AEEC-C1495F9D3FEF}.Release|x64.Deploy.0 = Release|x64
		{E8A17320-34AF-49B1-AEEC-C1495F9D3FEF}.Release|x86.ActiveCfg = Release|x86
		{E8A17320-34AF-49B1-AEEC-C1495F9D3FEF}.Release|x86.Build.0 = Release|x86
		{E8A17320-34AF-49B1-AEEC-C1495F9D3FEF}.Release|x86.Deploy.0 = Release|x86
	EndGlobalSection
	GlobalSection(SolutionProperties) = preSolution
		HideSolutionNode = FALSE
	EndGlobalSection
EndGlobal
